{
    "_meta": {
        "hash": {
            "sha256": "4b827725f187a552ad14ef2ebef59d18ceb1158a18357ef3ee2f5fb1ed2e4635"
        },
        "pipfile-spec": 6,
        "requires": {
            "python_version": "3.14"
        },
        "sources": [
            {
                "name": "pypi",
                "url": "https://pypi.org/simple",
                "verify_ssl": true
            }
        ]
    },
    "default": {
        "numpy": {
            "hashes": [
                "sha256:7b5d19d5c4fae2e8587d10b7f8bb9886a1df8a1f64f4340d346399c7d0d0873d"
            ],
            "version": "==2.0.1"
        },
        "pydantic": {
            "hashes": [
                "sha256:e633d77d7042a9b4009a01f70d588fa7a008c2a9ec6e1fae9bc892694b8e8f8e"
            ],
            "version": "==2.8.2"
        },
        "typing-extensions": {
            "hashes": [
                "sha256:04e5e7878dd7b41db1178a08244a5d7e63d36b863ba77e83c0f0010ec54aa7f6"
            ],
            "version": "==4.12.2"
        }
    },
    "develop": {
        "pytest": {
            "hashes": [
                "sha256:a9a1d1d86f788db3d11b3e8e19e7a937a0147614e7a89bcbbbc18a7a8d5f308a"
            ],
            "version": "==8.3.2"
        }
    }
}
